
Microsoft Visual Studio Solution File, Format Version 12.00
# Visual Studio Version 16
VisualStudioVersion = 16.0.31005.135
MinimumVisualStudioVersion = 10.0.40219.1
Project("{FAE04EC0-301F-11D3-BF4B-00C04F79EFBC}") = "ATM_WebSite_Core", "ATM_WebSite_Core\ATM_WebSite_Core.csproj", "{F4B0C0EC-95AD-4FC6-9E77-6E17F9F027A5}"
EndProject
Global
	GlobalSection(SolutionConfigurationPlatforms) = preSolution
		Debug|Any CPU = Debug|Any CPU
		Release|Any CPU = Release|Any CPU
	EndGlobalSection
	GlobalSection(ProjectConfigurationPlatforms) = postSolution
		{F4B0C0EC-95AD-4FC6-9E77-6E17F9F027A5}.Debug|Any CPU.ActiveCfg = Debug|Any CPU
		{F4B0C0EC-95AD-4FC6-9E77-6E17F9F027A5}.Debug|Any CPU.Build.0 = Debug|Any CPU
		{F4B0C0EC-95AD-4FC6-9E77-6E17F9F027A5}.Release|Any CPU.ActiveCfg = Release|Any CPU
		{F4B0C0EC-95AD-4FC6-9E77-6E17F9F027A5}.Release|Any CPU.Build.0 = Release|Any CPU
	EndGlobalSection
	GlobalSection(SolutionProperties) = preSolution
		HideSolutionNode = FALSE
	EndGlobalSection
	GlobalSection(ExtensibilityGlobals) = postSolution
		SolutionGuid = {74CE1D71-3604-4145-9F4D-96722327B160}
	EndGlobalSection
EndGlobal
